# generated by rye
# use `rye lock` or `rye sync` to update this lockfile
#
# last locked with the following flags:
#   pre: false
#   features: []
#   all-features: false
#   with-sources: false
#   generate-hashes: false
#   universal: false

-e file:.
comtypes==1.4.13
    # via uiautomation
customtkinter==5.2.2
    # via n-line
darkdetect==0.8.0
    # via customtkinter
keyboard==0.13.5
    # via n-line
mouse==0.7.1
    # via n-line
packaging==25.0
    # via customtkinter
pillow==12.0.0
    # via n-line
psutil==7.1.3
    # via n-line
pywin32==311
    # via n-line
uiautomation==2.0.29
    # via n-line
